PODS:
  - Capacitor (7.4.4):
    - CapacitorCordova
  - CapacitorCordova (7.4.4)
  - CapacitorKeyboard (7.0.3):
    - Capacitor

DEPENDENCIES:
  - "Capacitor (from `../../node_modules/@capacitor/ios`)"
  - "CapacitorCordova (from `../../node_modules/@capacitor/ios`)"
  - "CapacitorKeyboard (from `../../node_modules/@capacitor/keyboard`)"

EXTERNAL SOURCES:
  Capacitor:
    :path: "../../node_modules/@capacitor/ios"
  CapacitorCordova:
    :path: "../../node_modules/@capacitor/ios"
  CapacitorKeyboard:
    :path: "../../node_modules/@capacitor/keyboard"

SPEC CHECKSUMS:
  Capacitor: 09d9ff8e9618e8c4b3cab2bbee34a17215dd2fef
  CapacitorCordova: bf648a636f3c153f652d312ae145fb508b6ffced
  CapacitorKeyboard: 3822c3a0c6b58168f96ca562f9534ed095d40860

PODFILE CHECKSUM: e5c6735a59ab3ddd1d1efe96c5f099f9320f2bd0

COCOAPODS: 1.16.2
